// !$*UTF8*$!
{
	archiveVersion = 1;
	classes = {
	};
	objectVersion = 50;
	objects = {

/* Begin PBXBuildFile section */
		B23FD46D26CD58B6005EE404 /* AppDelegate.swift in Sources */ = {isa = PBXBuildFile; fileRef = B23FD46C26CD58B6005EE404 /* AppDelegate.swift */; };
		B23FD46F26CD58B6005EE404 /* SceneDelegate.swift in Sources */ = {isa = PBXBuildFile; fileRef = B23FD46E26CD58B6005EE404 /* SceneDelegate.swift */; };
		B23FD47126CD58B6005EE404 /* ViewController.swift in Sources */ = {isa = PBXBuildFile; fileRef = B23FD47026CD58B6005EE404 /* ViewController.swift */; };
		B23FD47426CD58B6005EE404 /* Main.storyboard in Resources */ = {isa = PBXBuildFile; fileRef = B23FD47226CD58B6005EE404 /* Main.storyboard */; };
		B23FD47726CD58B6005EE404 /* Khatabook.xcdatamodeld in Sources */ = {isa = PBXBuildFile; fileRef = B23FD47526CD58B6005EE404 /* Khatabook.xcdatamodeld */; };
		B23FD47926CD58B9005EE404 /* Assets.xcassets in Resources */ = {isa = PBXBuildFile; fileRef = B23FD47826CD58B9005EE404 /* Assets.xcassets */; };
		B23FD47C26CD58B9005EE404 /* LaunchScreen.storyboard in Resources */ = {isa = PBXBuildFile; fileRef = B23FD47A26CD58B9005EE404 /* LaunchScreen.storyboard */; };
		B23FD48726CD58B9005EE404 /* KhatabookTests.swift in Sources */ = {isa = PBXBuildFile; fileRef = B23FD48626CD58B9005EE404 /* KhatabookTests.swift */; };
		B23FD49226CD58BA005EE404 /* KhatabookUITests.swift in Sources */ = {isa = PBXBuildFile; fileRef = B23FD49126CD58BA005EE404 /* KhatabookUITests.swift */; };
/* End PBXBuildFile section */

/* Begin PBXContainerItemProxy section */
		B23FD48326CD58B9005EE404 /* PBXContainerItemProxy */ = {
			isa = PBXContainerItemProxy;
			containerPortal = B23FD46126CD58B6005EE404 /* Project object */;
			proxyType = 1;
			remoteGlobalIDString = B23FD46826CD58B6005EE404;
			remoteInfo = Khatabook;
		};
		B23FD48E26CD58B9005EE404 /* PBXContainerItemProxy */ = {
			isa = PBXContainerItemProxy;
			containerPortal = B23FD46126CD58B6005EE404 /* Project object */;
			proxyType = 1;
			remoteGlobalIDString = B23FD46826CD58B6005EE404;
			remoteInfo = Khatabook;
		};
/* End PBXContainerItemProxy section */

/* Begin PBXFileReference section */
		B23FD46926CD58B6005EE404 /* Khatabook.app */ = {isa = PBXFileReference; explicitFileType = wrapper.application; includeInIndex = 0; path = Khatabook.app; sourceTree = BUILT_PRODUCTS_DIR; };
		B23FD46C26CD58B6005EE404 /* AppDelegate.swift */ = {isa = PBXFileReference; lastKnownFileType = sourcecode.swift; path = AppDelegate.swift; sourceTree = "<group>"; };
		B23FD46E26CD58B6005EE404 /* SceneDelegate.swift */ = {isa = PBXFileReference; lastKnownFileType = sourcecode.swift; path = SceneDelegate.swift; sourceTree = "<group>"; };
		B23FD47026CD58B6005EE404 /* ViewController.swift */ = {isa = PBXFileReference; lastKnownFileType = sourcecode.swift; path = ViewController.swift; sourceTree = "<group>"; };
		B23FD47326CD58B6005EE404 /* Base */ = {isa = PBXFileReference; lastKnownFileType = file.storyboard; name = Base; path = Base.lproj/Main.storyboard; sourceTree = "<group>"; };
		B23FD47626CD58B6005EE404 /* Khatabook.xcdatamodel */ = {isa = PBXFileReference; lastKnownFileType = wrapper.xcdatamodel; path = Khatabook.xcdatamodel; sourceTree = "<group>"; };
		B23FD47826CD58B9005EE404 /* Assets.xcassets */ = {isa = PBXFileReference; lastKnownFileType = folder.assetcatalog; path = Assets.xcassets; sourceTree = "<group>"; };
		B23FD47B26CD58B9005EE404 /* Base */ = {isa = PBXFileReference; lastKnownFileType = file.storyboard; name = Base; path = Base.lproj/LaunchScreen.storyboard; sourceTree = "<group>"; };
		B23FD47D26CD58B9005EE404 /* Info.plist */ = {isa = PBXFileReference; lastKnownFileType = text.plist.xml; path = Info.plist; sourceTree = "<group>"; };
		B23FD48226CD58B9005EE404 /* KhatabookTests.xctest */ = {isa = PBXFileReference; explicitFileType = wrapper.cfbundle; includeInIndex = 0; path = KhatabookTests.xctest; sourceTree = BUILT_PRODUCTS_DIR; };
		B23FD48626CD58B9005EE404 /* KhatabookTests.swift */ = {isa = PBXFileReference; lastKnownFileType = sourcecode.swift; path = KhatabookTests.swift; sourceTree = "<group>"; };
		B23FD48826CD58B9005EE404 /* Info.plist */ = {isa = PBXFileReference; lastKnownFileType = text.plist.xml; path = Info.plist; sourceTree = "<group>"; };
		B23FD48D26CD58B9005EE404 /* KhatabookUITests.xctest */ = {isa = PBXFileReference; explicitFileType = wrapper.cfbundle; includeInIndex = 0; path = KhatabookUITests.xctest; sourceTree = BUILT_PRODUCTS_DIR; };
		B23FD49126CD58BA005EE404 /* KhatabookUITests.swift */ = {isa = PBXFileReference; lastKnownFileType = sourcecode.swift; path = KhatabookUITests.swift; sourceTree = "<group>"; };
		B23FD49326CD58BA005EE404 /* Info.plist */ = {isa = PBXFileReference; lastKnownFileType = text.plist.xml; path = Info.plist; sourceTree = "<group>"; };
/* End PBXFileReference section */

/* Begin PBXFrameworksBuildPhase section */
		B23FD46626CD58B6005EE404 /* Frameworks */ = {
			isa = PBXFrameworksBuildPhase;
			buildActionMask = 2147483647;
			files = (
			);
			runOnlyForDeploymentPostprocessing = 0;
		};
		B23FD47F26CD58B9005EE404 /* Frameworks */ = {
			isa = PBXFrameworksBuildPhase;
			buildActionMask = 2147483647;
			files = (
			);
			runOnlyForDeploymentPostprocessing = 0;
		};
		B23FD48A26CD58B9005EE404 /* Frameworks */ = {
			isa = PBXFrameworksBuildPhase;
			buildActionMask = 2147483647;
			files = (
			);
			runOnlyForDeploymentPostprocessing = 0;
		};
/* End PBXFrameworksBuildPhase section */

/* Begin PBXGroup section */
		B23FD46026CD58B6005EE404 = {
			isa = PBXGroup;
			children = (
				B23FD46B26CD58B6005EE404 /* Khatabook */,
				B23FD48526CD58B9005EE404 /* KhatabookTests */,
				B23FD49026CD58BA005EE404 /* KhatabookUITests */,
				B23FD46A26CD58B6005EE404 /* Products */,
			);
			sourceTree = "<group>";
		};
		B23FD46A26CD58B6005EE404 /* Products */ = {
			isa = PBXGroup;
			children = (
				B23FD46926CD58B6005EE404 /* Khatabook.app */,
				B23FD48226CD58B9005EE404 /* KhatabookTests.xctest */,
				B23FD48D26CD58B9005EE404 /* KhatabookUITests.xctest */,
			);
			name = Products;
			sourceTree = "<group>";
		};
		B23FD46B26CD58B6005EE404 /* Khatabook */ = {
			isa = PBXGroup;
			children = (
				B23FD46C26CD58B6005EE404 /* AppDelegate.swift */,
				B23FD46E26CD58B6005EE404 /* SceneDelegate.swift */,
				B23FD47026CD58B6005EE404 /* ViewController.swift */,
				B23FD47226CD58B6005EE404 /* Main.storyboard */,
				B23FD47826CD58B9005EE404 /* Assets.xcassets */,
				B23FD47A26CD58B9005EE404 /* LaunchScreen.storyboard */,
				B23FD47D26CD58B9005EE404 /* Info.plist */,
				B23FD47526CD58B6005EE404 /* Khatabook.xcdatamodeld */,
			);
			path = Khatabook;
			sourceTree = "<group>";
		};
		B23FD48526CD58B9005EE404 /* KhatabookTests */ = {
			isa = PBXGroup;
			children = (
				B23FD48626CD58B9005EE404 /* KhatabookTests.swift */,
				B23FD48826CD58B9005EE404 /* Info.plist */,
			);
			path = KhatabookTests;
			sourceTree = "<group>";
		};
		B23FD49026CD58BA005EE404 /* KhatabookUITests */ = {
			isa = PBXGroup;
			children = (
				B23FD49126CD58BA005EE404 /* KhatabookUITests.swift */,
				B23FD49326CD58BA005EE404 /* Info.plist */,
			);
			path = KhatabookUITests;
			sourceTree = "<group>";
		};
/* End PBXGroup section */

/* Begin PBXNativeTarget section */
		B23FD46826CD58B6005EE404 /* Khatabook */ = {
			isa = PBXNativeTarget;
			buildConfigurationList = B23FD49626CD58BA005EE404 /* Build configuration list for PBXNativeTarget "Khatabook" */;
			buildPhases = (
				B23FD46526CD58B6005EE404 /* Sources */,
				B23FD46626CD58B6005EE404 /* Frameworks */,
				B23FD46726CD58B6005EE404 /* Resources */,
			);
			buildRules = (
			);
			dependencies = (
			);
			name = Khatabook;
			productName = Khatabook;
			productReference = B23FD46926CD58B6005EE404 /* Khatabook.app */;
			productType = "com.apple.product-type.application";
		};
		B23FD48126CD58B9005EE404 /* KhatabookTests */ = {
			isa = PBXNativeTarget;
			buildConfigurationList = B23FD49926CD58BA005EE404 /* Build configuration list for PBXNativeTarget "KhatabookTests" */;
			buildPhases = (
				B23FD47E26CD58B9005EE404 /* Sources */,
				B23FD47F26CD58B9005EE404 /* Frameworks */,
				B23FD48026CD58B9005EE404 /* Resources */,
			);
			buildRules = (
			);
			dependencies = (
				B23FD48426CD58B9005EE404 /* PBXTargetDependency */,
			);
			name = KhatabookTests;
			productName = KhatabookTests;
			productReference = B23FD48226CD58B9005EE404 /* KhatabookTests.xctest */;
			productType = "com.apple.product-type.bundle.unit-test";
		};
		B23FD48C26CD58B9005EE404 /* KhatabookUITests */ = {
			isa = PBXNativeTarget;
			buildConfigurationList = B23FD49C26CD58BA005EE404 /* Build configuration list for PBXNativeTarget "KhatabookUITests" */;
			buildPhases = (
				B23FD48926CD58B9005EE404 /* Sources */,
				B23FD48A26CD58B9005EE404 /* Frameworks */,
				B23FD48B26CD58B9005EE404 /* Resources */,
			);
			buildRules = (
			);
			dependencies = (
				B23FD48F26CD58B9005EE404 /* PBXTargetDependency */,
			);
			name = KhatabookUITests;
			productName = KhatabookUITests;
			productReference = B23FD48D26CD58B9005EE404 /* KhatabookUITests.xctest */;
			productType = "com.apple.product-type.bundle.ui-testing";
		};
/* End PBXNativeTarget section */

/* Begin PBXProject section */
		B23FD46126CD58B6005EE404 /* Project object */ = {
			isa = PBXProject;
			attributes = {
				LastSwiftUpdateCheck = 1250;
				LastUpgradeCheck = 1250;
				TargetAttributes = {
					B23FD46826CD58B6005EE404 = {
						CreatedOnToolsVersion = 12.5.1;
					};
					B23FD48126CD58B9005EE404 = {
						CreatedOnToolsVersion = 12.5.1;
						TestTargetID = B23FD46826CD58B6005EE404;
					};
					B23FD48C26CD58B9005EE404 = {
						CreatedOnToolsVersion = 12.5.1;
						TestTargetID = B23FD46826CD58B6005EE404;
					};
				};
			};
			buildConfigurationList = B23FD46426CD58B6005EE404 /* Build configuration list for PBXProject "Khatabook" */;
			compatibilityVersion = "Xcode 9.3";
			developmentRegion = en;
			hasScannedForEncodings = 0;
			knownRegions = (
				en,
				Base,
			);
			mainGroup = B23FD46026CD58B6005EE404;
			productRefGroup = B23FD46A26CD58B6005EE404 /* Products */;
			projectDirPath = "";
			projectRoot = "";
			targets = (
				B23FD46826CD58B6005EE404 /* Khatabook */,
				B23FD48126CD58B9005EE404 /* KhatabookTests */,
				B23FD48C26CD58B9005EE404 /* KhatabookUITests */,
			);
		};
/* End PBXProject section */

/* Begin PBXResourcesBuildPhase section */
		B23FD46726CD58B6005EE404 /* Resources */ = {
			isa = PBXResourcesBuildPhase;
			buildActionMask = 2147483647;
			files = (
				B23FD47C26CD58B9005EE404 /* LaunchScreen.storyboard in Resources */,
				B23FD47926CD58B9005EE404 /* Assets.xcassets in Resources */,
				B23FD47426CD58B6005EE404 /* Main.storyboard in Resources */,
			);
			runOnlyForDeploymentPostprocessing = 0;
		};
		B23FD48026CD58B9005EE404 /* Resources */ = {
			isa = PBXResourcesBuildPhase;
			buildActionMask = 2147483647;
			files = (
			);
			runOnlyForDeploymentPostprocessing = 0;
		};
		B23FD48B26CD58B9005EE404 /* Resources */ = {
			isa = PBXResourcesBuildPhase;
			buildActionMask = 2147483647;
			files = (
			);
			runOnlyForDeploymentPostprocessing = 0;
		};
/* End PBXResourcesBuildPhase section */

/* Begin PBXSourcesBuildPhase section */
		B23FD46526CD58B6005EE404 /* Sources */ = {
			isa = PBXSourcesBuildPhase;
			buildActionMask = 2147483647;
			files = (
				B23FD47126CD58B6005EE404 /* ViewController.swift in Sources */,
				B23FD46D26CD58B6005EE404 /* AppDelegate.swift in Sources */,
				B23FD47726CD58B6005EE404 /* Khatabook.xcdatamodeld in Sources */,
				B23FD46F26CD58B6005EE404 /* SceneDelegate.swift in Sources */,
			);
			runOnlyForDeploymentPostprocessing = 0;
		};
		B23FD47E26CD58B9005EE404 /* Sources */ = {
			isa = PBXSourcesBuildPhase;
			buildActionMask = 2147483647;
			files = (
				B23FD48726CD58B9005EE404 /* KhatabookTests.swift in Sources */,
			);
			runOnlyForDeploymentPostprocessing = 0;
		};
		B23FD48926CD58B9005EE404 /* Sources */ = {
			isa = PBXSourcesBuildPhase;
			buildActionMask = 2147483647;
			files = (
				B23FD49226CD58BA005EE404 /* KhatabookUITests.swift in Sources */,
			);
			runOnlyForDeploymentPostprocessing = 0;
		};
/* End PBXSourcesBuildPhase section */

/* Begin PBXTargetDependency section */
		B23FD48426CD58B9005EE404 /* PBXTargetDependency */ = {
			isa = PBXTargetDependency;
			target = B23FD46826CD58B6005EE404 /* Khatabook */;
			targetProxy = B23FD48326CD58B9005EE404 /* PBXContainerItemProxy */;
		};
		B23FD48F26CD58B9005EE404 /* PBXTargetDependency */ = {
			isa = PBXTargetDependency;
			target = B23FD46826CD58B6005EE404 /* Khatabook */;
			targetProxy = B23FD48E26CD58B9005EE404 /* PBXContainerItemProxy */;
		};
/* End PBXTargetDependency section */

/* Begin PBXVariantGroup section */
		B23FD47226CD58B6005EE404 /* Main.storyboard */ = {
			isa = PBXVariantGroup;
			children = (
				B23FD47326CD58B6005EE404 /* Base */,
			);
			name = Main.storyboard;
			sourceTree = "<group>";
		};
		B23FD47A26CD58B9005EE404 /* LaunchScreen.storyboard */ = {
			isa = PBXVariantGroup;
			children = (
				B23FD47B26CD58B9005EE404 /* Base */,
			);
			name = LaunchScreen.storyboard;
			sourceTree = "<group>";
		};
/* End PBXVariantGroup section */

/* Begin XCBuildConfiguration section */
		B23FD49426CD58BA005EE404 /* Debug */ = {
			isa = XCBuildConfiguration;
			buildSettings = {
				ALWAYS_SEARCH_USER_PATHS = NO;
				CLANG_ANALYZER_NONNULL = YES;
				CLANG_ANALYZER_NUMBER_OBJECT_CONVERSION = YES_AGGRESSIVE;
				CLANG_CXX_LANGUAGE_STANDARD = "gnu++14";
				CLANG_CXX_LIBRARY = "libc++";
				CLANG_ENABLE_MODULES = YES;
				CLANG_ENABLE_OBJC_ARC = YES;
				CLANG_ENABLE_OBJC_WEAK = YES;
				CLANG_WARN_BLOCK_CAPTURE_AUTORELEASING = YES;
				CLANG_WARN_BOOL_CONVERSION = YES;
				CLANG_WARN_COMMA = YES;
				CLANG_WARN_CONSTANT_CONVERSION = YES;
				CLANG_WARN_DEPRECATED_OBJC_IMPLEMENTATIONS = YES;
				CLANG_WARN_DIRECT_OBJC_ISA_USAGE = YES_ERROR;
				CLANG_WARN_DOCUMENTATION_COMMENTS = YES;
				CLANG_WARN_EMPTY_BODY = YES;
				CLANG_WARN_ENUM_CONVERSION = YES;
				CLANG_WARN_INFINITE_RECURSION = YES;
				CLANG_WARN_INT_CONVERSION = YES;
				CLANG_WARN_NON_LITERAL_NULL_CONVERSION = YES;
				CLANG_WARN_OBJC_IMPLICIT_RETAIN_SELF = YES;
				CLANG_WARN_OBJC_LITERAL_CONVERSION = YES;
				CLANG_WARN_OBJC_ROOT_CLASS = YES_ERROR;
				CLANG_WARN_QUOTED_INCLUDE_IN_FRAMEWORK_HEADER = YES;
				CLANG_WARN_RANGE_LOOP_ANALYSIS = YES;
				CLANG_WARN_STRICT_PROTOTYPES = YES;
				CLANG_WARN_SUSPICIOUS_MOVE = YES;
				CLANG_WARN_UNGUARDED_AVAILABILITY = YES_AGGRESSIVE;
				CLANG_WARN_UNREACHABLE_CODE = YES;
				CLANG_WARN__DUPLICATE_METHOD_MATCH = YES;
				COPY_PHASE_STRIP = NO;
				DEBUG_INFORMATION_FORMAT = dwarf;
				ENABLE_STRICT_OBJC_MSGSEND = YES;
				ENABLE_TESTABILITY = YES;
				GCC_C_LANGUAGE_STANDARD = gnu11;
				GCC_DYNAMIC_NO_PIC = NO;
				GCC_NO_COMMON_BLOCKS = YES;
				GCC_OPTIMIZATION_LEVEL = 0;
				GCC_PREPROCESSOR_DEFINITIONS = (
					"DEBUG=1",
					"$(inherited)",
				);
				GCC_WARN_64_TO_32_BIT_CONVERSION = YES;
				GCC_WARN_ABOUT_RETURN_TYPE = YES_ERROR;
				GCC_WARN_UNDECLARED_SELECTOR = YES;
				GCC_WARN_UNINITIALIZED_AUTOS = YES_AGGRESSIVE;
				GCC_WARN_UNUSED_FUNCTION = YES;
				GCC_WARN_UNUSED_VARIABLE = YES;
				IPHONEOS_DEPLOYMENT_TARGET = 14.5;
				MTL_ENABLE_DEBUG_INFO = INCLUDE_SOURCE;
				MTL_FAST_MATH = YES;
				ONLY_ACTIVE_ARCH = YES;
				SDKROOT = iphoneos;
				SWIFT_ACTIVE_COMPILATION_CONDITIONS = DEBUG;
				SWIFT_OPTIMIZATION_LEVEL = "-Onone";
			};
			name = Debug;
		};
		B23FD49526CD58BA005EE404 /* Release */ = {
			isa = XCBuildConfiguration;
			buildSettings = {
				ALWAYS_SEARCH_USER_PATHS = NO;
				CLANG_ANALYZER_NONNULL = YES;
				CLANG_ANALYZER_NUMBER_OBJECT_CONVERSION = YES_AGGRESSIVE;
				CLANG_CXX_LANGUAGE_STANDARD = "gnu++14";
				CLANG_CXX_LIBRARY = "libc++";
				CLANG_ENABLE_MODULES = YES;
				CLANG_ENABLE_OBJC_ARC = YES;
				CLANG_ENABLE_OBJC_WEAK = YES;
				CLANG_WARN_BLOCK_CAPTURE_AUTORELEASING = YES;
				CLANG_WARN_BOOL_CONVERSION = YES;
				CLANG_WARN_COMMA = YES;
				CLANG_WARN_CONSTANT_CONVERSION = YES;
				CLANG_WARN_DEPRECATED_OBJC_IMPLEMENTATIONS = YES;
				CLANG_WARN_DIRECT_OBJC_ISA_USAGE = YES_ERROR;
				CLANG_WARN_DOCUMENTATION_COMMENTS = YES;
				CLANG_WARN_EMPTY_BODY = YES;
				CLANG_WARN_ENUM_CONVERSION = YES;
				CLANG_WARN_INFINITE_RECURSION = YES;
				CLANG_WARN_INT_CONVERSION = YES;
				CLANG_WARN_NON_LITERAL_NULL_CONVERSION = YES;
				CLANG_WARN_OBJC_IMPLICIT_RETAIN_SELF = YES;
				CLANG_WARN_OBJC_LITERAL_CONVERSION = YES;
				CLANG_WARN_OBJC_ROOT_CLASS = YES_ERROR;
				CLANG_WARN_QUOTED_INCLUDE_IN_FRAMEWORK_HEADER = YES;
				CLANG_WARN_RANGE_LOOP_ANALYSIS = YES;
				CLANG_WARN_STRICT_PROTOTYPES = YES;
				CLANG_WARN_SUSPICIOUS_MOVE = YES;
				CLANG_WARN_UNGUARDED_AVAILABILITY = YES_AGGRESSIVE;
				CLANG_WARN_UNREACHABLE_CODE = YES;
				CLANG_WARN__DUPLICATE_METHOD_MATCH = YES;
				COPY_PHASE_STRIP = NO;
				DEBUG_INFORMATION_FORMAT = "dwarf-with-dsym";
				ENABLE_NS_ASSERTIONS = NO;
				ENABLE_STRICT_OBJC_MSGSEND = YES;
				GCC_C_LANGUAGE_STANDARD = gnu11;
				GCC_NO_COMMON_BLOCKS = YES;
				GCC_WARN_64_TO_32_BIT_CONVERSION = YES;
				GCC_WARN_ABOUT_RETURN_TYPE = YES_ERROR;
				GCC_WARN_UNDECLARED_SELECTOR = YES;
				GCC_WARN_UNINITIALIZED_AUTOS = YES_AGGRESSIVE;
				GCC_WARN_UNUSED_FUNCTION = YES;
				GCC_WARN_UNUSED_VARIABLE = YES;
				IPHONEOS_DEPLOYMENT_TARGET = 14.5;
				MTL_ENABLE_DEBUG_INFO = NO;
				MTL_FAST_MATH = YES;
				SDKROOT = iphoneos;
				SWIFT_COMPILATION_MODE = wholemodule;
				SWIFT_OPTIMIZATION_LEVEL = "-O";
				VALIDATE_PRODUCT = YES;
			};
			name = Release;
		};
		B23FD49726CD58BA005EE404 /* Debug */ = {
			isa = XCBuildConfiguration;
			buildSettings = {
				ASSETCATALOG_COMPILER_APPICON_NAME = AppIcon;
				ASSETCATALOG_COMPILER_GLOBAL_ACCENT_COLOR_NAME = AccentColor;
				CODE_SIGN_STYLE = Automatic;
				INFOPLIST_FILE = Khatabook/Info.plist;
				LD_RUNPATH_SEARCH_PATHS = (
					"$(inherited)",
					"@executable_path/Frameworks",
				);
				PRODUCT_BUNDLE_IDENTIFIER = com.Kaustubh.Khatabook;
				PRODUCT_NAME = "$(TARGET_NAME)";
				SWIFT_VERSION = 5.0;
				TARGETED_DEVICE_FAMILY = "1,2";
			};
			name = Debug;
		};
		B23FD49826CD58BA005EE404 /* Release */ = {
			isa = XCBuildConfiguration;
			buildSettings = {
				ASSETCATALOG_COMPILER_APPICON_NAME = AppIcon;
				ASSETCATALOG_COMPILER_GLOBAL_ACCENT_COLOR_NAME = AccentColor;
				CODE_SIGN_STYLE = Automatic;
				INFOPLIST_FILE = Khatabook/Info.plist;
				LD_RUNPATH_SEARCH_PATHS = (
					"$(inherited)",
					"@executable_path/Frameworks",
				);
				PRODUCT_BUNDLE_IDENTIFIER = com.Kaustubh.Khatabook;
				PRODUCT_NAME = "$(TARGET_NAME)";
				SWIFT_VERSION = 5.0;
				TARGETED_DEVICE_FAMILY = "1,2";
			};
			name = Release;
		};
		B23FD49A26CD58BA005EE404 /* Debug */ = {
			isa = XCBuildConfiguration;
			buildSettings = {
				ALWAYS_EMBED_SWIFT_STANDARD_LIBRARIES = YES;
				BUNDLE_LOADER = "$(TEST_HOST)";
				CODE_SIGN_STYLE = Automatic;
				INFOPLIST_FILE = KhatabookTests/Info.plist;
				IPHONEOS_DEPLOYMENT_TARGET = 14.5;
				LD_RUNPATH_SEARCH_PATHS = (
					"$(inherited)",
					"@executable_path/Frameworks",
					"@loader_path/Frameworks",
				);
				PRODUCT_BUNDLE_IDENTIFIER = com.Kaustubh.KhatabookTests;
				PRODUCT_NAME = "$(TARGET_NAME)";
				SWIFT_VERSION = 5.0;
				TARGETED_DEVICE_FAMILY = "1,2";
				TEST_HOST = "$(BUILT_PRODUCTS_DIR)/Khatabook.app/Khatabook";
			};
			name = Debug;
		};
		B23FD49B26CD58BA005EE404 /* Release */ = {
			isa = XCBuildConfiguration;
			buildSettings = {
				ALWAYS_EMBED_SWIFT_STANDARD_LIBRARIES = YES;
				BUNDLE_LOADER = "$(TEST_HOST)";
				CODE_SIGN_STYLE = Automatic;
				INFOPLIST_FILE = KhatabookTests/Info.plist;
				IPHONEOS_DEPLOYMENT_TARGET = 14.5;
				LD_RUNPATH_SEARCH_PATHS = (
					"$(inherited)",
					"@executable_path/Frameworks",
					"@loader_path/Frameworks",
				);
				PRODUCT_BUNDLE_IDENTIFIER = com.Kaustubh.KhatabookTests;
				PRODUCT_NAME = "$(TARGET_NAME)";
				SWIFT_VERSION = 5.0;
				TARGETED_DEVICE_FAMILY = "1,2";
				TEST_HOST = "$(BUILT_PRODUCTS_DIR)/Khatabook.app/Khatabook";
			};
			name = Release;
		};
		B23FD49D26CD58BA005EE404 /* Debug */ = {
			isa = XCBuildConfiguration;
			buildSettings = {
				ALWAYS_EMBED_SWIFT_STANDARD_LIBRARIES = YES;
				CODE_SIGN_STYLE = Automatic;
				INFOPLIST_FILE = KhatabookUITests/Info.plist;
				LD_RUNPATH_SEARCH_PATHS = (
					"$(inherited)",
					"@executable_path/Frameworks",
					"@loader_path/Frameworks",
				);
				PRODUCT_BUNDLE_IDENTIFIER = com.Kaustubh.KhatabookUITests;
				PRODUCT_NAME = "$(TARGET_NAME)";
				SWIFT_VERSION = 5.0;
				TARGETED_DEVICE_FAMILY = "1,2";
				TEST_TARGET_NAME = Khatabook;
			};
			name = Debug;
		};
		B23FD49E26CD58BA005EE404 /* Release */ = {
			isa = XCBuildConfiguration;
			buildSettings = {
				ALWAYS_EMBED_SWIFT_STANDARD_LIBRARIES = YES;
				CODE_SIGN_STYLE = Automatic;
				INFOPLIST_FILE = KhatabookUITests/Info.plist;
				LD_RUNPATH_SEARCH_PATHS = (
					"$(inherited)",
					"@executable_path/Frameworks",
					"@loader_path/Frameworks",
				);
				PRODUCT_BUNDLE_IDENTIFIER = com.Kaustubh.KhatabookUITests;
				PRODUCT_NAME = "$(TARGET_NAME)";
				SWIFT_VERSION = 5.0;
				TARGETED_DEVICE_FAMILY = "1,2";
				TEST_TARGET_NAME = Khatabook;
			};
			name = Release;
		};
/* End XCBuildConfiguration section */

/* Begin XCConfigurationList section */
		B23FD46426CD58B6005EE404 /* Build configuration list for PBXProject "Khatabook" */ = {
			isa = XCConfigurationList;
			buildConfigurations = (
				B23FD49426CD58BA005EE404 /* Debug */,
				B23FD49526CD58BA005EE404 /* Release */,
			);
			defaultConfigurationIsVisible = 0;
			defaultConfigurationName = Release;
		};
		B23FD49626CD58BA005EE404 /* Build configuration list for PBXNativeTarget "Khatabook" */ = {
			isa = XCConfigurationList;
			buildConfigurations = (
				B23FD49726CD58BA005EE404 /* Debug */,
				B23FD49826CD58BA005EE404 /* Release */,
			);
			defaultConfigurationIsVisible = 0;
			defaultConfigurationName = Release;
		};
		B23FD49926CD58BA005EE404 /* Build configuration list for PBXNativeTarget "KhatabookTests" */ = {
			isa = XCConfigurationList;
			buildConfigurations = (
				B23FD49A26CD58BA005EE404 /* Debug */,
				B23FD49B26CD58BA005EE404 /* Release */,
			);
			defaultConfigurationIsVisible = 0;
			defaultConfigurationName = Release;
		};
		B23FD49C26CD58BA005EE404 /* Build configuration list for PBXNativeTarget "KhatabookUITests" */ = {
			isa = XCConfigurationList;
			buildConfigurations = (
				B23FD49D26CD58BA005EE404 /* Debug */,
				B23FD49E26CD58BA005EE404 /* Release */,
			);
			defaultConfigurationIsVisible = 0;
			defaultConfigurationName = Release;
		};
/* End XCConfigurationList section */

/* Begin XCVersionGroup section */
		B23FD47526CD58B6005EE404 /* Khatabook.xcdatamodeld */ = {
			isa = XCVersionGroup;
			children = (
				B23FD47626CD58B6005EE404 /* Khatabook.xcdatamodel */,
			);
			currentVersion = B23FD47626CD58B6005EE404 /* Khatabook.xcdatamodel */;
			path = Khatabook.xcdatamodeld;
			sourceTree = "<group>";
			versionGroupType = wrapper.xcdatamodel;
		};
/* End XCVersionGroup section */
	};
	rootObject = B23FD46126CD58B6005EE404 /* Project object */;
}
